
Microsoft Visual Studio Solution File, Format Version 12.00
# Visual Studio Version 17
VisualStudioVersion = 17.4.33213.308
MinimumVisualStudioVersion = 10.0.40219.1
Project("{FAE04EC0-301F-11D3-BF4B-00C04F79EFBC}") = "linq", "linq\linq.csproj", "{74FA0861-3133-462B-986B-43C298845AD1}"
EndProject
Project("{FAE04EC0-301F-11D3-BF4B-00C04F79EFBC}") = "1A2B_linq", "1A2B_linq\1A2B_linq.csproj", "{2B65D931-0EAB-4FF1-9175-D6D54A7D1FDF}"
EndProject
Global
	GlobalSection(SolutionConfigurationPlatforms) = preSolution
		Debug|Any CPU = Debug|Any CPU
		Release|Any CPU = Release|Any CPU
	EndGlobalSection
	GlobalSection(ProjectConfigurationPlatforms) = postSolution
		{74FA0861-3133-462B-986B-43C298845AD1}.Debug|Any CPU.ActiveCfg = Debug|Any CPU
		{74FA0861-3133-462B-986B-43C298845AD1}.Debug|Any CPU.Build.0 = Debug|Any CPU
		{74FA0861-3133-462B-986B-43C298845AD1}.Release|Any CPU.ActiveCfg = Release|Any CPU
		{74FA0861-3133-462B-986B-43C298845AD1}.Release|Any CPU.Build.0 = Release|Any CPU
		{2B65D931-0EAB-4FF1-9175-D6D54A7D1FDF}.Debug|Any CPU.ActiveCfg = Debug|Any CPU
		{2B65D931-0EAB-4FF1-9175-D6D54A7D1FDF}.Debug|Any CPU.Build.0 = Debug|Any CPU
		{2B65D931-0EAB-4FF1-9175-D6D54A7D1FDF}.Release|Any CPU.ActiveCfg = Release|Any CPU
		{2B65D931-0EAB-4FF1-9175-D6D54A7D1FDF}.Release|Any CPU.Build.0 = Release|Any CPU
	EndGlobalSection
	GlobalSection(SolutionProperties) = preSolution
		HideSolutionNode = FALSE
	EndGlobalSection
	GlobalSection(ExtensibilityGlobals) = postSolution
		SolutionGuid = {9F6E8DF9-0AA2-449B-983D-14B4945BE440}
	EndGlobalSection
EndGlobal
